
Microsoft Visual Studio Solution File, Format Version 12.00
# Visual Studio Version 16
VisualStudioVersion = 16.0.30320.27
MinimumVisualStudioVersion = 10.0.40219.1
Project("{FAE04EC0-301F-11D3-BF4B-00C04F79EFBC}") = "Sweepstakes", "Sweepstakes\Sweepstakes.csproj", "{5CE03B3E-1BD2-4E55-9AF4-9B18537192F9}"
EndProject
Global
	GlobalSection(SolutionConfigurationPlatforms) = preSolution
		Debug|Any CPU = Debug|Any CPU
		Release|Any CPU = Release|Any CPU
	EndGlobalSection
	GlobalSection(ProjectConfigurationPlatforms) = postSolution
		{5CE03B3E-1BD2-4E55-9AF4-9B18537192F9}.Debug|Any CPU.ActiveCfg = Debug|Any CPU
		{5CE03B3E-1BD2-4E55-9AF4-9B18537192F9}.Debug|Any CPU.Build.0 = Debug|Any CPU
		{5CE03B3E-1BD2-4E55-9AF4-9B18537192F9}.Release|Any CPU.ActiveCfg = Release|Any CPU
		{5CE03B3E-1BD2-4E55-9AF4-9B18537192F9}.Release|Any CPU.Build.0 = Release|Any CPU
	EndGlobalSection
	GlobalSection(SolutionProperties) = preSolution
		HideSolutionNode = FALSE
	EndGlobalSection
	GlobalSection(ExtensibilityGlobals) = postSolution
		SolutionGuid = {471A6247-96C7-4F5B-B402-F9664ECA3B1C}
	EndGlobalSection
EndGlobal
